{
    "hash": "b56c539913d994ffc8f44b69a23ff8d1",
    "packages": [
        {
            "package": "doctrine/common",
            "version": "dev-master",
            "source-reference": "f8e2aadf388ab1e6b36263a73d5e314c477f96c7",
            "alias-pretty-version": "2.3.x-dev",
            "alias-version": "2.3.9999999.9999999-dev"
        },
        {
            "package": "doctrine/common",
            "version": "dev-master",
            "source-reference": "f8e2aadf388ab1e6b36263a73d5e314c477f96c7"
        },
        {
            "package": "doctrine/mongodb",
            "version": "dev-master",
            "source-reference": "71d862d27dad00b82f45f2c98f2000ecdd654ea6"
        },
        {
            "package": "doctrine/mongodb-odm",
            "version": "dev-master",
            "source-reference": "36b376ef50088ec13cc372b896b01bdf96759409"
        },
        {
            "package": "doctrine/mongodb-odm-bundle",
            "version": "dev-master",
            "source-reference": "30211cc1eb2ec45d8028ac4663d00149a9abc913"
        },
        {
            "package": "friendsofsymfony/rest",
            "version": "dev-master",
            "source-reference": "d9f772ddb9bb4fd0d952fa45cf0e5e76510b111c"
        },
        {
            "package": "friendsofsymfony/rest-bundle",
            "version": "dev-master",
            "source-reference": "1fd512952a31f6db90be63636fab73369994737a"
        },
        {
            "package": "imagine/Imagine",
            "version": "dev-master",
            "source-reference": "v0.2.8"
        },
        {
            "package": "jms/metadata",
            "version": "dev-master",
            "source-reference": "a2ae95448bd13bcfbba5f7fead40b379a84da02d"
        },
        {
            "package": "jms/serializer-bundle",
            "version": "dev-master",
            "source-reference": "4ce47e7ce898d6a431433c33e194d3fed7244bd1"
        },
        {
            "package": "knplabs/gaufrette",
            "version": "dev-master",
            "source-reference": "7ac084fc256088a07add6883ca6dd72e4f5532ce"
        },
        {
            "package": "pear-aws/sdk",
            "version": "1.5.6.1"
        },
        {
            "package": "sensio/framework-extra-bundle",
            "version": "dev-master",
            "source-reference": "e00b525b14784ea4f21c14945e58b4a76a530a6a"
        },
        {
            "package": "sensio/generator-bundle",
            "version": "dev-master",
            "source-reference": "0813379920dcaa4b06361501f654379383d75f16"
        },
        {
            "package": "symfony/symfony",
            "version": "dev-master",
            "source-reference": "e0238071d4f07b46a07177066b6dd74ffb50fa5f",
            "alias-pretty-version": "2.1.x-dev",
            "alias-version": "2.1.9999999.9999999-dev"
        },
        {
            "package": "symfony/symfony",
            "version": "dev-master",
            "source-reference": "e0238071d4f07b46a07177066b6dd74ffb50fa5f"
        },
        {
            "package": "twig/twig",
            "version": "dev-master",
            "source-reference": "573a36097146b319e5fb36546a0377c7440bbfe3"
        },
        {
            "package": "twig/twig",
            "version": "dev-master",
            "source-reference": "573a36097146b319e5fb36546a0377c7440bbfe3",
            "alias-pretty-version": "1.8.x-dev",
            "alias-version": "1.8.9999999.9999999-dev"
        }
    ],
    "packages-dev": null,
    "aliases": [

    ],
    "minimum-stability": "dev",
    "stability-flags": {
        "symfony/symfony": 20,
        "sensio/generator-bundle": 20,
        "friendsofsymfony/rest-bundle": 20,
        "doctrine/mongodb-odm-bundle": 20,
        "knplabs/gaufrette": 20,
        "imagine/imagine": 20
    }
}
