{
    "hash": "d88af7bf617572ca603cb6ec97197b42",
    "packages": [
        {
            "package": "doctrine/common",
            "version": "dev-master",
            "source-reference": "717ea940ff8fa0854e84a2249edadfb998f91406"
        },
        {
            "package": "friendsofsymfony/rest",
            "version": "dev-master",
            "source-reference": "d9f772ddb9bb4fd0d952fa45cf0e5e76510b111c"
        },
        {
            "package": "friendsofsymfony/rest-bundle",
            "version": "dev-master",
            "source-reference": "67158a05a76c469eef49f66dd22806465f03629f"
        },
        {
            "package": "imagine/Imagine",
            "version": "dev-master",
            "source-reference": "v0.2.8"
        },
        {
            "package": "jms/metadata",
            "version": "dev-master",
            "source-reference": "95bfbfbcbe573ff9ed5fd33fa39cdfe0da27220d"
        },
        {
            "package": "jms/serializer-bundle",
            "version": "dev-master",
            "source-reference": "4ce47e7ce898d6a431433c33e194d3fed7244bd1"
        },
        {
            "package": "knplabs/gaufrette",
            "version": "dev-master",
            "source-reference": "7ac084fc256088a07add6883ca6dd72e4f5532ce"
        },
        {
            "package": "pear-aws/sdk",
            "version": "1.5.6"
        },
        {
            "package": "sensio/framework-extra-bundle",
            "version": "dev-master",
            "source-reference": "e00b525b14784ea4f21c14945e58b4a76a530a6a"
        },
        {
            "package": "sensio/generator-bundle",
            "version": "dev-master",
            "source-reference": "0813379920dcaa4b06361501f654379383d75f16"
        },
        {
            "package": "symfony/symfony",
            "version": "dev-master",
            "source-reference": "58b924533a15364226bf8321706b467b4a86ba07"
        },
        {
            "package": "symfony/symfony",
            "version": "dev-master",
            "source-reference": "58b924533a15364226bf8321706b467b4a86ba07",
            "alias-pretty-version": "2.1.x-dev",
            "alias-version": "2.1.9999999.9999999-dev"
        },
        {
            "package": "symfony/symfony",
            "version": "dev-master",
            "source-reference": "58b924533a15364226bf8321706b467b4a86ba07",
            "alias-pretty-version": "2.1.x-dev",
            "alias-version": "2.1.9999999.9999999-dev"
        },
        {
            "package": "twig/twig",
            "version": "dev-master",
            "source-reference": "e28663efd83d76ee36bf9e8a790f75bd880abbf2",
            "alias-pretty-version": "1.8.x-dev",
            "alias-version": "1.8.9999999.9999999-dev"
        },
        {
            "package": "twig/twig",
            "version": "dev-master",
            "source-reference": "e28663efd83d76ee36bf9e8a790f75bd880abbf2"
        }
    ],
    "packages-dev": null,
    "aliases": [

    ],
    "minimum-stability": "dev",
    "stability-flags": {
        "symfony/symfony": 20,
        "sensio/generator-bundle": 20,
        "friendsofsymfony/rest-bundle": 20,
        "knplabs/gaufrette": 20,
        "imagine/imagine": 20
    }
}
